github.com/BurntSushi/toml v1.4.0 h1:kuoIxZQy2WRRk1pttg9asf+WVv6tWQuBNVmK8+nqPr0=
github.com/BurntSushi/toml v1.4.0/go.mod h1:ukJfTF/6rtPPRCnwkur4qwRxa8vTRFBF0uk2lLoLwho=
github.com/clipperhouse/uax29/v2 v2.2.0 h1:ChwIKnQN3kcZteTXMgb1wztSgaU+ZemkgWdohwgs8tY=
github.com/clipperhouse/uax29/v2 v2.2.0/go.mod h1:EFJ2TJMRUaplDxHKj1qAEhCtQPW2tJSwu5BF98AuoVM=
github.com/cpuguy83/go-md2man/v2 v2.0.4/go.mod h1:tgQtvFlXSQOSOSIRvRPT7W67SCa46tRHOmNcaadrF8o=
github.com/inconshreveable/mousetrap v1.1.0 h1:wN+x4NVGpMsO7ErUn/mUI3vEoE6Jt13X2s0bqwp9tc8=
github.com/inconshreveable/mousetrap v1.1.0/go.mod h1:vpF70FUmC8bwa3OWnCshd2FqLfsEA9PFc4w1p2J65bw=
github.com/mattn/go-runewidth v0.0.24 h1:cpokDiIn0MGnhdHwuWnJBITySJ20QyNGnY2kR/ay2DU=
github.com/mattn/go-runewidth v0.0.24/go.mod h1:XBkDxAl56ILZc9knddidhrOlY5R/pDhgLpndooCuJAs=
github.com/russross/blackfriday/v2 v2.1.0/go.mod h1:+Rmxgy9KzJVeS9/2gXHxylqXiyQDYRxCVz55jmeOWTM=
github.com/spf13/cobra v1.8.1 h1:e5/vxKd/rZsfSJMUX1agtjeTDf+qv1/JdBF8gg5k9ZM=
github.com/spf13/cobra v1.8.1/go.mod h1:wHxEcudfqmLYa8iTfL+OuZPbBZkmvliBWKIezN3kD9Y=
github.com/spf13/pflag v1.0.5 h1:iy+VFUOCP1a+8yFto/drg2CJ5u0yRoB7fZw3DKv/JXA=
github.com/spf13/pflag v1.0.5/go.mod h1:McXfInJRrz4CZXVZOBLb0bTZqETkiAhM9Iw0y3An2Bg=
github.com/tieo/viewbook v0.0.0-20260727173606-e18085b4b441 h1:BhX7GOclxkRowIBHdRhd9fSeBmLP7Ijg6KFss0BQYQ8=
github.com/tieo/viewbook v0.0.0-20260727173606-e18085b4b441/go.mod h1:7P8InTmSifIRQow7oJEpjVTDtncLjvwqiLF7VsC01iY=
github.com/tieo/viewbook v0.0.0-20260727183852-5bbeccad49cf h1:xw1dgTf1HCSeoICUXX911ubm+FxsaqUOU7+L8C23mBA=
github.com/tieo/viewbook v0.0.0-20260727183852-5bbeccad49cf/go.mod h1:7P8InTmSifIRQow7oJEpjVTDtncLjvwqiLF7VsC01iY=
github.com/tieo/viewbook v0.0.0-20260727185932-e0b02d35855e h1:/zw/bNfwkANg4SzyDHznC91JkK+ButePi+9JRDG0OsE=
github.com/tieo/viewbook v0.0.0-20260727185932-e0b02d35855e/go.mod h1:7P8InTmSifIRQow7oJEpjVTDtncLjvwqiLF7VsC01iY=
github.com/tieo/viewbook v0.0.0-20260727202720-54645a72975f h1:wrfxYyQcV3aWiTWnHs68AUMsbBBLAGzWcB/Clv9Esp8=
github.com/tieo/viewbook v0.0.0-20260727202720-54645a72975f/go.mod h1:7P8InTmSifIRQow7oJEpjVTDtncLjvwqiLF7VsC01iY=
github.com/tieo/viewbook v0.0.0-20260727204421-cf7aa013139e h1:HOwDnHGnFdUB84cNj4sSLPdadzKSXaicHIVnUuH58lk=
github.com/tieo/viewbook v0.0.0-20260727204421-cf7aa013139e/go.mod h1:7P8InTmSifIRQow7oJEpjVTDtncLjvwqiLF7VsC01iY=
github.com/tieo/viewbook v0.0.0-20260727210138-8df4050b97c5 h1:kB95lOjr048kNmMApLmZXW90XMJVP5u7i6ABSehXOZ8=
github.com/tieo/viewbook v0.0.0-20260727210138-8df4050b97c5/go.mod h1:7P8InTmSifIRQow7oJEpjVTDtncLjvwqiLF7VsC01iY=
github.com/tieo/viewbook v0.0.0-20260727210906-6f2104d63c6b h1:OBHMr3vT/UAqwVHr6qMhXnfk0/5KlrpHmLtQmwbJtsM=
github.com/tieo/viewbook v0.0.0-20260727210906-6f2104d63c6b/go.mod h1:7P8InTmSifIRQow7oJEpjVTDtncLjvwqiLF7VsC01iY=
github.com/tieo/viewbook v0.0.0-20260727211611-9dbbd8d33afa h1:bGiDaomc7ziZ5Q4+nQ72M/Wks4cqjYkZmWbDS3TQnps=
github.com/tieo/viewbook v0.0.0-20260727211611-9dbbd8d33afa/go.mod h1:7P8InTmSifIRQow7oJEpjVTDtncLjvwqiLF7VsC01iY=
github.com/tieo/viewbook v0.0.0-20260727212248-14f47de73307 h1:jcyZNhEw4DpsADfUeJ8GsF6soHTIyCzXGVjjV/sU7pU=
github.com/tieo/viewbook v0.0.0-20260727212248-14f47de73307/go.mod h1:7P8InTmSifIRQow7oJEpjVTDtncLjvwqiLF7VsC01iY=
github.com/tieo/viewbook v0.0.0-20260727213525-7b8f819e4df1 h1:KAJk1Z/rANzp7XdT/Z2eUN2zfKDKUSVTwGv6cRAlhs4=
github.com/tieo/viewbook v0.0.0-20260727213525-7b8f819e4df1/go.mod h1:7P8InTmSifIRQow7oJEpjVTDtncLjvwqiLF7VsC01iY=
github.com/tieo/viewbook v0.0.0-20260728095034-67dec352bc9f h1:ou2kVb7+ywcfuYXPOzSxILuLO1942MEOeaTFXHTkuYA=
github.com/tieo/viewbook v0.0.0-20260728095034-67dec352bc9f/go.mod h1:7P8InTmSifIRQow7oJEpjVTDtncLjvwqiLF7VsC01iY=
github.com/tieo/viewbook v0.0.0-20260728100610-a797b89c1c57 h1:Z8qLrn+8wUCAs6KOchvxYfIYMp+5Af8PZfdZBCUz3X4=
github.com/tieo/viewbook v0.0.0-20260728100610-a797b89c1c57/go.mod h1:7P8InTmSifIRQow7oJEpjVTDtncLjvwqiLF7VsC01iY=
github.com/tieo/viewbook v0.0.0-20260728102422-fc8fb555186e h1:h3NmQgeNr2ArtJ2WYW2jCJn6RamG4LmmsWxZO+CbWs4=
github.com/tieo/viewbook v0.0.0-20260728102422-fc8fb555186e/go.mod h1:7P8InTmSifIRQow7oJEpjVTDtncLjvwqiLF7VsC01iY=
github.com/tieo/viewbook v0.0.0-20260728103700-6d1083f4ccf0 h1:3B55YRgADOxc4nfKAH77DFQUJlbZWuficiy6tOj7BlQ=
github.com/tieo/viewbook v0.0.0-20260728103700-6d1083f4ccf0/go.mod h1:7P8InTmSifIRQow7oJEpjVTDtncLjvwqiLF7VsC01iY=
github.com/tieo/viewbook v0.0.0-20260728113852-80c77f949990 h1:g5pn/f6wtMWoOP2E5NzNrHIbdtLZQG4cWcoweEuZIYI=
github.com/tieo/viewbook v0.0.0-20260728113852-80c77f949990/go.mod h1:7P8InTmSifIRQow7oJEpjVTDtncLjvwqiLF7VsC01iY=
github.com/tieo/viewbook v0.0.0-20260728141638-f647f77d1a50 h1:LTuxScl2AdrwvUIto/xV26iNp0/+yUx7H3GLLu5Qgxc=
github.com/tieo/viewbook v0.0.0-20260728141638-f647f77d1a50/go.mod h1:7P8InTmSifIRQow7oJEpjVTDtncLjvwqiLF7VsC01iY=
github.com/tieo/viewbook v0.0.0-20260728142212-c77979244442 h1:rNvku1/EiwRcZORcfzEwbWgkR236KYviYXQF/NFJs6g=
github.com/tieo/viewbook v0.0.0-20260728142212-c77979244442/go.mod h1:7P8InTmSifIRQow7oJEpjVTDtncLjvwqiLF7VsC01iY=
github.com/tieo/viewbook v0.0.0-20260728143143-382acc230704 h1:kjElNDkKu+zH5Kf4HYzOaA+vsLC6ikzsvDOsb0BKDq8=
github.com/tieo/viewbook v0.0.0-20260728143143-382acc230704/go.mod h1:7P8InTmSifIRQow7oJEpjVTDtncLjvwqiLF7VsC01iY=
github.com/tieo/viewbook v0.0.0-20260728144945-cc5e352fede1 h1:PFKOYEZGIApLKXrtHhmWsXLXpbg7prhWyjCjE6wnG3o=
github.com/tieo/viewbook v0.0.0-20260728144945-cc5e352fede1/go.mod h1:7P8InTmSifIRQow7oJEpjVTDtncLjvwqiLF7VsC01iY=
gopkg.in/check.v1 v0.0.0-20161208181325-20d25e280405/go.mod h1:Co6ibVJAznAaIkqp8huTwlJQCZ016jof/cbN4VW5Yz0=
gopkg.in/yaml.v3 v3.0.1/go.mod h1:K4uyk7z7BCEPqu6E+C64Yfv1cQ7kz7rIZviUmN+EgEM=
